{
    "_readme": [
        "This file locks the dependencies of your project to a known state",
        "Read more about it at https://getcomposer.org/doc/01-basic-usage.md#installing-dependencies",
        "This file is @generated automatically"
    ],
    "content-hash": "91fe6da0ca45f360f1ff9085061bafbd",
    "packages": [
        {
            "name": "jacwright/restserver",
            "version": "dev-master",
            "source": {
                "type": "git",
                "url": "https://github.com/jacwright/RestServer.git",
                "reference": "89f3cf5db468bcf49609a81631e63a3e413b227e"
            },
            "dist": {
                "type": "zip",
                "url": "https://api.github.com/repos/jacwright/RestServer/zipball/89f3cf5db468bcf49609a81631e63a3e413b227e",
                "reference": "89f3cf5db468bcf49609a81631e63a3e413b227e",
                "shasum": ""
            },
            "require": {
                "php": ">=5.3.3"
            },
            "type": "library",
            "autoload": {
                "psr-0": {
                    "Jacwright\\RestServer": "source/"
                }
            },
            "notification-url": "https://packagist.org/downloads/",
            "license": [
                "MIT"
            ],
            "authors": [
                {
                    "name": "Jacob Wright",
                    "email": "jacwright@gmail.com",
                    "homepage": "http://jacwright.com",
                    "role": "Developer"
                }
            ],
            "description": "php rest server for very light-weight REST APIs",
            "homepage": "https://github.com/jacwright/RestServer",
            "keywords": [
                "http",
                "json",
                "light-weight",
                "mit",
                "php",
                "rest",
                "rest-server"
            ],
            "time": "2017-11-26T23:16:09+00:00"
        },
        {
            "name": "joshcam/mysqli-database-class",
            "version": "dev-master",
            "source": {
                "type": "git",
                "url": "https://github.com/ThingEngineer/PHP-MySQLi-Database-Class.git",
                "reference": "610a8c210424671c9b990f772e814a2ea3707457"
            },
            "dist": {
                "type": "zip",
                "url": "https://api.github.com/repos/ThingEngineer/PHP-MySQLi-Database-Class/zipball/610a8c210424671c9b990f772e814a2ea3707457",
                "reference": "610a8c210424671c9b990f772e814a2ea3707457",
                "shasum": ""
            },
            "require": {
                "php": ">=5.3.0"
            },
            "type": "library",
            "autoload": {
                "files": [
                    "MysqliDb.php",
                    "dbObject.php"
                ]
            },
            "notification-url": "https://packagist.org/downloads/",
            "license": [
                "GPL-3.0-or-later"
            ],
            "authors": [
                {
                    "name": "Alexander V. Butenko",
                    "email": "a.butenka@gmail.com",
                    "homepage": "http://smarttechdo.com",
                    "role": "Developer"
                },
                {
                    "name": "Josh Campbell",
                    "email": "josh.lee.campbell@gmail.com",
                    "homepage": "https://github.com/thingengineer",
                    "role": "Developer"
                }
            ],
            "description": "PHP MySQL Wrapper and object mapper which utilizes MySQLi and prepared statements",
            "time": "2018-09-26T02:53:23+00:00"
        }
    ],
    "packages-dev": [],
    "aliases": [],
    "minimum-stability": "dev",
    "stability-flags": {
        "joshcam/mysqli-database-class": 20,
        "jacwright/restserver": 20
    },
    "prefer-stable": false,
    "prefer-lowest": false,
    "platform": {
        "ext-dom": "*",
        "ext-json": "*"
    },
    "platform-dev": []
}
